
Microsoft Visual Studio Solution File, Format Version 12.00
# Visual Studio Version 17
VisualStudioVersion = 17.8.34316.72
MinimumVisualStudioVersion = 10.0.40219.1
Project("{FAE04EC0-301F-11D3-BF4B-00C04F79EFBC}") = "DurakGame", "DurakGame\DurakGame.csproj", "{2CBBA877-668D-4C5A-A91F-A1DF59CAB7A2}"
EndProject
Global
	GlobalSection(SolutionConfigurationPlatforms) = preSolution
		Debug|Any CPU = Debug|Any CPU
		Release|Any CPU = Release|Any CPU
	EndGlobalSection
	GlobalSection(ProjectConfigurationPlatforms) = postSolution
		{2CBBA877-668D-4C5A-A91F-A1DF59CAB7A2}.Debug|Any CPU.ActiveCfg = Debug|Any CPU
		{2CBBA877-668D-4C5A-A91F-A1DF59CAB7A2}.Debug|Any CPU.Build.0 = Debug|Any CPU
		{2CBBA877-668D-4C5A-A91F-A1DF59CAB7A2}.Release|Any CPU.ActiveCfg = Release|Any CPU
		{2CBBA877-668D-4C5A-A91F-A1DF59CAB7A2}.Release|Any CPU.Build.0 = Release|Any CPU
	EndGlobalSection
	GlobalSection(SolutionProperties) = preSolution
		HideSolutionNode = FALSE
	EndGlobalSection
	GlobalSection(ExtensibilityGlobals) = postSolution
		SolutionGuid = {86F56EC3-C63D-4210-B0FF-2A69B28D4729}
	EndGlobalSection
EndGlobal
